
Microsoft Visual Studio Solution File, Format Version 12.00
# Visual Studio Version 16
VisualStudioVersion = 16.0.28803.452
MinimumVisualStudioVersion = 10.0.40219.1
Project("{FAE04EC0-301F-11D3-BF4B-00C04F79EFBC}") = "RatingApi", "RatingApi\RatingApi.csproj", "{18CA92C0-9939-4CBD-B715-B85397D7BDA3}"
EndProject
Project("{FAE04EC0-301F-11D3-BF4B-00C04F79EFBC}") = "RatingApi.Tests", "RatingApi.Tests\RatingApi.Tests.csproj", "{6C574F06-2DC3-4313-B97D-215C15594B70}"
EndProject
Global
	GlobalSection(SolutionConfigurationPlatforms) = preSolution
		Debug|Any CPU = Debug|Any CPU
		Release|Any CPU = Release|Any CPU
	EndGlobalSection
	GlobalSection(ProjectConfigurationPlatforms) = postSolution
		{18CA92C0-9939-4CBD-B715-B85397D7BDA3}.Debug|Any CPU.ActiveCfg = Debug|Any CPU
		{18CA92C0-9939-4CBD-B715-B85397D7BDA3}.Debug|Any CPU.Build.0 = Debug|Any CPU
		{18CA92C0-9939-4CBD-B715-B85397D7BDA3}.Release|Any CPU.ActiveCfg = Release|Any CPU
		{18CA92C0-9939-4CBD-B715-B85397D7BDA3}.Release|Any CPU.Build.0 = Release|Any CPU
		{6C574F06-2DC3-4313-B97D-215C15594B70}.Debug|Any CPU.ActiveCfg = Debug|Any CPU
		{6C574F06-2DC3-4313-B97D-215C15594B70}.Debug|Any CPU.Build.0 = Debug|Any CPU
		{6C574F06-2DC3-4313-B97D-215C15594B70}.Release|Any CPU.ActiveCfg = Release|Any CPU
		{6C574F06-2DC3-4313-B97D-215C15594B70}.Release|Any CPU.Build.0 = Release|Any CPU
	EndGlobalSection
	GlobalSection(SolutionProperties) = preSolution
		HideSolutionNode = FALSE
	EndGlobalSection
	GlobalSection(ExtensibilityGlobals) = postSolution
		SolutionGuid = {401071DD-1EEF-4C29-A9B1-CEF83CB42027}
	EndGlobalSection
EndGlobal
